
Microsoft Visual Studio Solution File, Format Version 12.00
# Visual Studio Version 16
VisualStudioVersion = 16.0.29519.87
MinimumVisualStudioVersion = 10.0.40219.1
Project("{FAE04EC0-301F-11D3-BF4B-00C04F79EFBC}") = "WebAppConsumer", "WebAppConsumer\WebAppConsumer.csproj", "{868AF522-4525-42C5-9C50-890862D6CE10}"
EndProject
Global
	GlobalSection(SolutionConfigurationPlatforms) = preSolution
		Debug|Any CPU = Debug|Any CPU
		Release|Any CPU = Release|Any CPU
	EndGlobalSection
	GlobalSection(ProjectConfigurationPlatforms) = postSolution
		{868AF522-4525-42C5-9C50-890862D6CE10}.Debug|Any CPU.ActiveCfg = Debug|Any CPU
		{868AF522-4525-42C5-9C50-890862D6CE10}.Debug|Any CPU.Build.0 = Debug|Any CPU
		{868AF522-4525-42C5-9C50-890862D6CE10}.Release|Any CPU.ActiveCfg = Release|Any CPU
		{868AF522-4525-42C5-9C50-890862D6CE10}.Release|Any CPU.Build.0 = Release|Any CPU
	EndGlobalSection
	GlobalSection(SolutionProperties) = preSolution
		HideSolutionNode = FALSE
	EndGlobalSection
	GlobalSection(ExtensibilityGlobals) = postSolution
		SolutionGuid = {7F609D10-F8D7-426C-BE0C-DAE05F23B00D}
	EndGlobalSection
EndGlobal
